
Microsoft Visual Studio Solution File, Format Version 12.00
# Visual Studio Version 17
VisualStudioVersion = 17.0.31903.59
MinimumVisualStudioVersion = 10.0.40219.1
Project("{FAE04EC0-301F-11D3-BF4B-00C04F79EFBC}") = "consoleapp", "consoleapp\consoleapp.csproj", "{BCDB96BF-EDA5-4AE6-A58A-49E57FE9615D}"
EndProject
Global
	GlobalSection(SolutionConfigurationPlatforms) = preSolution
		Debug|Any CPU = Debug|Any CPU
		Release|Any CPU = Release|Any CPU
	EndGlobalSection
	GlobalSection(SolutionProperties) = preSolution
		HideSolutionNode = FALSE
	EndGlobalSection
	GlobalSection(ProjectConfigurationPlatforms) = postSolution
		{BCDB96BF-EDA5-4AE6-A58A-49E57FE9615D}.Debug|Any CPU.ActiveCfg = Debug|Any CPU
		{BCDB96BF-EDA5-4AE6-A58A-49E57FE9615D}.Debug|Any CPU.Build.0 = Debug|Any CPU
		{BCDB96BF-EDA5-4AE6-A58A-49E57FE9615D}.Release|Any CPU.ActiveCfg = Release|Any CPU
		{BCDB96BF-EDA5-4AE6-A58A-49E57FE9615D}.Release|Any CPU.Build.0 = Release|Any CPU
	EndGlobalSection
EndGlobal
